
Microsoft Visual Studio Solution File, Format Version 12.00
# Visual Studio Version 16
VisualStudioVersion = 16.0.31105.61
MinimumVisualStudioVersion = 10.0.40219.1
Project("{FAE04EC0-301F-11D3-BF4B-00C04F79EFBC}") = "Interface", "Interface.csproj", "{B1C1DB86-D674-41DF-BE6C-09A8A1AEC21F}"
EndProject
Global
	GlobalSection(SolutionConfigurationPlatforms) = preSolution
		Debug|Any CPU = Debug|Any CPU
		Release|Any CPU = Release|Any CPU
	EndGlobalSection
	GlobalSection(ProjectConfigurationPlatforms) = postSolution
		{B1C1DB86-D674-41DF-BE6C-09A8A1AEC21F}.Debug|Any CPU.ActiveCfg = Debug|Any CPU
		{B1C1DB86-D674-41DF-BE6C-09A8A1AEC21F}.Debug|Any CPU.Build.0 = Debug|Any CPU
		{B1C1DB86-D674-41DF-BE6C-09A8A1AEC21F}.Release|Any CPU.ActiveCfg = Release|Any CPU
		{B1C1DB86-D674-41DF-BE6C-09A8A1AEC21F}.Release|Any CPU.Build.0 = Release|Any CPU
	EndGlobalSection
	GlobalSection(SolutionProperties) = preSolution
		HideSolutionNode = FALSE
	EndGlobalSection
	GlobalSection(ExtensibilityGlobals) = postSolution
		SolutionGuid = {7A02EE82-9DB9-421B-BECC-9DA20A14BDEC}
	EndGlobalSection
EndGlobal
